
Microsoft Visual Studio Solution File, Format Version 12.00
# Visual Studio Version 17
VisualStudioVersion = 17.5.33516.290
MinimumVisualStudioVersion = 10.0.40219.1
Project("{9A19103F-16F7-4668-BE54-9A1E7A4F7556}") = "LodeNaVode", "LodeNaVode\LodeNaVode.csproj", "{365954E4-2E89-45EC-9667-27CCB1947885}"
EndProject
Project("{9A19103F-16F7-4668-BE54-9A1E7A4F7556}") = "log-lib", "log-lib\log-lib.csproj", "{45E4EDA3-7D38-4047-8B28-1D8A9B89C679}"
EndProject
Project("{9A19103F-16F7-4668-BE54-9A1E7A4F7556}") = "log-test", "log-test\log-test.csproj", "{C9EDD534-6F49-49D0-AF84-4B1B2BCDBBFA}"
EndProject
Global
	GlobalSection(SolutionConfigurationPlatforms) = preSolution
		Debug|Any CPU = Debug|Any CPU
		Release|Any CPU = Release|Any CPU
	EndGlobalSection
	GlobalSection(ProjectConfigurationPlatforms) = postSolution
		{365954E4-2E89-45EC-9667-27CCB1947885}.Debug|Any CPU.ActiveCfg = Debug|Any CPU
		{365954E4-2E89-45EC-9667-27CCB1947885}.Debug|Any CPU.Build.0 = Debug|Any CPU
		{365954E4-2E89-45EC-9667-27CCB1947885}.Release|Any CPU.ActiveCfg = Release|Any CPU
		{365954E4-2E89-45EC-9667-27CCB1947885}.Release|Any CPU.Build.0 = Release|Any CPU
		{45E4EDA3-7D38-4047-8B28-1D8A9B89C679}.Debug|Any CPU.ActiveCfg = Debug|Any CPU
		{45E4EDA3-7D38-4047-8B28-1D8A9B89C679}.Debug|Any CPU.Build.0 = Debug|Any CPU
		{45E4EDA3-7D38-4047-8B28-1D8A9B89C679}.Release|Any CPU.ActiveCfg = Release|Any CPU
		{45E4EDA3-7D38-4047-8B28-1D8A9B89C679}.Release|Any CPU.Build.0 = Release|Any CPU
		{C9EDD534-6F49-49D0-AF84-4B1B2BCDBBFA}.Debug|Any CPU.ActiveCfg = Debug|Any CPU
		{C9EDD534-6F49-49D0-AF84-4B1B2BCDBBFA}.Debug|Any CPU.Build.0 = Debug|Any CPU
		{C9EDD534-6F49-49D0-AF84-4B1B2BCDBBFA}.Release|Any CPU.ActiveCfg = Release|Any CPU
		{C9EDD534-6F49-49D0-AF84-4B1B2BCDBBFA}.Release|Any CPU.Build.0 = Release|Any CPU
	EndGlobalSection
	GlobalSection(SolutionProperties) = preSolution
		HideSolutionNode = FALSE
	EndGlobalSection
	GlobalSection(ExtensibilityGlobals) = postSolution
		SolutionGuid = {DD4E73E7-680A-4CAF-9AF8-420F45C8CFA0}
	EndGlobalSection
EndGlobal
